// !$*UTF8*$!
{
	archiveVersion = 1;
	classes = {
	};
	objectVersion = 56;
	objects = {

/* Begin PBXBuildFile section */
		FB1FC7152A83A9E50025B470 /* DevToolsView.swift in Sources */ = {isa = PBXBuildFile; fileRef = FB1FC7142A83A9E50025B470 /* DevToolsView.swift */; };
		FBB894932A44618E003DD593 /* LifeKPIs_SwiftData_Data_ModelApp.swift in Sources */ = {isa = PBXBuildFile; fileRef = FBB894922A44618E003DD593 /* LifeKPIs_SwiftData_Data_ModelApp.swift */; };
		FBB894952A44618E003DD593 /* ContentView.swift in Sources */ = {isa = PBXBuildFile; fileRef = FBB894942A44618E003DD593 /* ContentView.swift */; };
		FBB894972A44618F003DD593 /* Assets.xcassets in Resources */ = {isa = PBXBuildFile; fileRef = FBB894962A44618F003DD593 /* Assets.xcassets */; };
		FBB8949A2A44618F003DD593 /* Preview Assets.xcassets in Resources */ = {isa = PBXBuildFile; fileRef = FBB894992A44618F003DD593 /* Preview Assets.xcassets */; };
		FBB8949C2A44618F003DD593 /* Item.swift in Sources */ = {isa = PBXBuildFile; fileRef = FBB8949B2A44618F003DD593 /* Item.swift */; };
		FBCF8ED32A4C89D000CA9F2C /* DataManager.swift in Sources */ = {isa = PBXBuildFile; fileRef = FBCF8ED22A4C89D000CA9F2C /* DataManager.swift */; };
		FBEED6962A741A1400AB4FA3 /* Entry.swift in Sources */ = {isa = PBXBuildFile; fileRef = FBEED6952A741A1400AB4FA3 /* Entry.swift */; };
		FBEED6982A741F8500AB4FA3 /* Helpers.swift in Sources */ = {isa = PBXBuildFile; fileRef = FBEED6972A741F8500AB4FA3 /* Helpers.swift */; };
		FBEED69A2A74258900AB4FA3 /* CheckView.swift in Sources */ = {isa = PBXBuildFile; fileRef = FBEED6992A74258900AB4FA3 /* CheckView.swift */; };
		FBEED69C2A74259E00AB4FA3 /* ListView.swift in Sources */ = {isa = PBXBuildFile; fileRef = FBEED69B2A74259E00AB4FA3 /* ListView.swift */; };
		FBEED69E2A742B9C00AB4FA3 /* Preview.swift in Sources */ = {isa = PBXBuildFile; fileRef = FBEED69D2A742B9C00AB4FA3 /* Preview.swift */; };
/* End PBXBuildFile section */

/* Begin PBXFileReference section */
		FB1FC7142A83A9E50025B470 /* DevToolsView.swift */ = {isa = PBXFileReference; lastKnownFileType = sourcecode.swift; path = DevToolsView.swift; sourceTree = "<group>"; };
		FBB8948F2A44618E003DD593 /* LifeKPIs SwiftData Data Model.app */ = {isa = PBXFileReference; explicitFileType = wrapper.application; includeInIndex = 0; path = "LifeKPIs SwiftData Data Model.app"; sourceTree = BUILT_PRODUCTS_DIR; };
		FBB894922A44618E003DD593 /* LifeKPIs_SwiftData_Data_ModelApp.swift */ = {isa = PBXFileReference; lastKnownFileType = sourcecode.swift; path = LifeKPIs_SwiftData_Data_ModelApp.swift; sourceTree = "<group>"; };
		FBB894942A44618E003DD593 /* ContentView.swift */ = {isa = PBXFileReference; lastKnownFileType = sourcecode.swift; path = ContentView.swift; sourceTree = "<group>"; };
		FBB894962A44618F003DD593 /* Assets.xcassets */ = {isa = PBXFileReference; lastKnownFileType = folder.assetcatalog; path = Assets.xcassets; sourceTree = "<group>"; };
		FBB894992A44618F003DD593 /* Preview Assets.xcassets */ = {isa = PBXFileReference; lastKnownFileType = folder.assetcatalog; path = "Preview Assets.xcassets"; sourceTree = "<group>"; };
		FBB8949B2A44618F003DD593 /* Item.swift */ = {isa = PBXFileReference; lastKnownFileType = sourcecode.swift; path = Item.swift; sourceTree = "<group>"; };
		FBCF8ED22A4C89D000CA9F2C /* DataManager.swift */ = {isa = PBXFileReference; lastKnownFileType = sourcecode.swift; path = DataManager.swift; sourceTree = "<group>"; };
		FBEED6952A741A1400AB4FA3 /* Entry.swift */ = {isa = PBXFileReference; lastKnownFileType = sourcecode.swift; path = Entry.swift; sourceTree = "<group>"; };
		FBEED6972A741F8500AB4FA3 /* Helpers.swift */ = {isa = PBXFileReference; lastKnownFileType = sourcecode.swift; path = Helpers.swift; sourceTree = "<group>"; };
		FBEED6992A74258900AB4FA3 /* CheckView.swift */ = {isa = PBXFileReference; lastKnownFileType = sourcecode.swift; path = CheckView.swift; sourceTree = "<group>"; };
		FBEED69B2A74259E00AB4FA3 /* ListView.swift */ = {isa = PBXFileReference; lastKnownFileType = sourcecode.swift; path = ListView.swift; sourceTree = "<group>"; };
		FBEED69D2A742B9C00AB4FA3 /* Preview.swift */ = {isa = PBXFileReference; lastKnownFileType = sourcecode.swift; path = Preview.swift; sourceTree = "<group>"; };
/* End PBXFileReference section */

/* Begin PBXFrameworksBuildPhase section */
		FBB8948C2A44618E003DD593 /* Frameworks */ = {
			isa = PBXFrameworksBuildPhase;
			buildActionMask = 2147483647;
			files = (
			);
			runOnlyForDeploymentPostprocessing = 0;
		};
/* End PBXFrameworksBuildPhase section */

/* Begin PBXGroup section */
		FBB894862A44618E003DD593 = {
			isa = PBXGroup;
			children = (
				FBB894912A44618E003DD593 /* LifeKPIs SwiftData Data Model */,
				FBB894902A44618E003DD593 /* Products */,
			);
			sourceTree = "<group>";
		};
		FBB894902A44618E003DD593 /* Products */ = {
			isa = PBXGroup;
			children = (
				FBB8948F2A44618E003DD593 /* LifeKPIs SwiftData Data Model.app */,
			);
			name = Products;
			sourceTree = "<group>";
		};
		FBB894912A44618E003DD593 /* LifeKPIs SwiftData Data Model */ = {
			isa = PBXGroup;
			children = (
				FBB894922A44618E003DD593 /* LifeKPIs_SwiftData_Data_ModelApp.swift */,
				FBB894942A44618E003DD593 /* ContentView.swift */,
				FBEED69B2A74259E00AB4FA3 /* ListView.swift */,
				FBEED6992A74258900AB4FA3 /* CheckView.swift */,
				FB1FC7142A83A9E50025B470 /* DevToolsView.swift */,
				FBCF8ED22A4C89D000CA9F2C /* DataManager.swift */,
				FBB8949B2A44618F003DD593 /* Item.swift */,
				FBEED6952A741A1400AB4FA3 /* Entry.swift */,
				FBEED69D2A742B9C00AB4FA3 /* Preview.swift */,
				FBEED6972A741F8500AB4FA3 /* Helpers.swift */,
				FBB894962A44618F003DD593 /* Assets.xcassets */,
				FBB894982A44618F003DD593 /* Preview Content */,
			);
			path = "LifeKPIs SwiftData Data Model";
			sourceTree = "<group>";
		};
		FBB894982A44618F003DD593 /* Preview Content */ = {
			isa = PBXGroup;
			children = (
				FBB894992A44618F003DD593 /* Preview Assets.xcassets */,
			);
			path = "Preview Content";
			sourceTree = "<group>";
		};
/* End PBXGroup section */

/* Begin PBXNativeTarget section */
		FBB8948E2A44618E003DD593 /* LifeKPIs SwiftData Data Model */ = {
			isa = PBXNativeTarget;
			buildConfigurationList = FBB8949F2A44618F003DD593 /* Build configuration list for PBXNativeTarget "LifeKPIs SwiftData Data Model" */;
			buildPhases = (
				FBB8948B2A44618E003DD593 /* Sources */,
				FBB8948C2A44618E003DD593 /* Frameworks */,
				FBB8948D2A44618E003DD593 /* Resources */,
			);
			buildRules = (
			);
			dependencies = (
			);
			name = "LifeKPIs SwiftData Data Model";
			productName = "LifeKPIs SwiftData Data Model";
			productReference = FBB8948F2A44618E003DD593 /* LifeKPIs SwiftData Data Model.app */;
			productType = "com.apple.product-type.application";
		};
/* End PBXNativeTarget section */

/* Begin PBXProject section */
		FBB894872A44618E003DD593 /* Project object */ = {
			isa = PBXProject;
			attributes = {
				BuildIndependentTargetsInParallel = 1;
				LastSwiftUpdateCheck = 1500;
				LastUpgradeCheck = 1500;
				TargetAttributes = {
					FBB8948E2A44618E003DD593 = {
						CreatedOnToolsVersion = 15.0;
					};
				};
			};
			buildConfigurationList = FBB8948A2A44618E003DD593 /* Build configuration list for PBXProject "LifeKPIs SwiftData Data Model" */;
			compatibilityVersion = "Xcode 14.0";
			developmentRegion = en;
			hasScannedForEncodings = 0;
			knownRegions = (
				en,
				Base,
			);
			mainGroup = FBB894862A44618E003DD593;
			productRefGroup = FBB894902A44618E003DD593 /* Products */;
			projectDirPath = "";
			projectRoot = "";
			targets = (
				FBB8948E2A44618E003DD593 /* LifeKPIs SwiftData Data Model */,
			);
		};
/* End PBXProject section */

/* Begin PBXResourcesBuildPhase section */
		FBB8948D2A44618E003DD593 /* Resources */ = {
			isa = PBXResourcesBuildPhase;
			buildActionMask = 2147483647;
			files = (
				FBB8949A2A44618F003DD593 /* Preview Assets.xcassets in Resources */,
				FBB894972A44618F003DD593 /* Assets.xcassets in Resources */,
			);
			runOnlyForDeploymentPostprocessing = 0;
		};
/* End PBXResourcesBuildPhase section */

/* Begin PBXSourcesBuildPhase section */
		FBB8948B2A44618E003DD593 /* Sources */ = {
			isa = PBXSourcesBuildPhase;
			buildActionMask = 2147483647;
			files = (
				FBEED69C2A74259E00AB4FA3 /* ListView.swift in Sources */,
				FBEED6962A741A1400AB4FA3 /* Entry.swift in Sources */,
				FBEED6982A741F8500AB4FA3 /* Helpers.swift in Sources */,
				FBB894952A44618E003DD593 /* ContentView.swift in Sources */,
				FB1FC7152A83A9E50025B470 /* DevToolsView.swift in Sources */,
				FBCF8ED32A4C89D000CA9F2C /* DataManager.swift in Sources */,
				FBB8949C2A44618F003DD593 /* Item.swift in Sources */,
				FBB894932A44618E003DD593 /* LifeKPIs_SwiftData_Data_ModelApp.swift in Sources */,
				FBEED69E2A742B9C00AB4FA3 /* Preview.swift in Sources */,
				FBEED69A2A74258900AB4FA3 /* CheckView.swift in Sources */,
			);
			runOnlyForDeploymentPostprocessing = 0;
		};
/* End PBXSourcesBuildPhase section */

/* Begin XCBuildConfiguration section */
		FBB8949D2A44618F003DD593 /* Debug */ = {
			isa = XCBuildConfiguration;
			buildSettings = {
				ALWAYS_SEARCH_USER_PATHS = NO;
				ASSETCATALOG_COMPILER_GENERATE_SWIFT_ASSET_SYMBOL_EXTENSIONS = YES;
				CLANG_ANALYZER_NONNULL = YES;
				CLANG_ANALYZER_NUMBER_OBJECT_CONVERSION = YES_AGGRESSIVE;
				CLANG_CXX_LANGUAGE_STANDARD = "gnu++20";
				CLANG_ENABLE_MODULES = YES;
				CLANG_ENABLE_OBJC_ARC = YES;
				CLANG_ENABLE_OBJC_WEAK = YES;
				CLANG_WARN_BLOCK_CAPTURE_AUTORELEASING = YES;
				CLANG_WARN_BOOL_CONVERSION = YES;
				CLANG_WARN_COMMA = YES;
				CLANG_WARN_CONSTANT_CONVERSION = YES;
				CLANG_WARN_DEPRECATED_OBJC_IMPLEMENTATIONS = YES;
				CLANG_WARN_DIRECT_OBJC_ISA_USAGE = YES_ERROR;
				CLANG_WARN_DOCUMENTATION_COMMENTS = YES;
				CLANG_WARN_EMPTY_BODY = YES;
				CLANG_WARN_ENUM_CONVERSION = YES;
				CLANG_WARN_INFINITE_RECURSION = YES;
				CLANG_WARN_INT_CONVERSION = YES;
				CLANG_WARN_NON_LITERAL_NULL_CONVERSION = YES;
				CLANG_WARN_OBJC_IMPLICIT_RETAIN_SELF = YES;
				CLANG_WARN_OBJC_LITERAL_CONVERSION = YES;
				CLANG_WARN_OBJC_ROOT_CLASS = YES_ERROR;
				CLANG_WARN_QUOTED_INCLUDE_IN_FRAMEWORK_HEADER = YES;
				CLANG_WARN_RANGE_LOOP_ANALYSIS = YES;
				CLANG_WARN_STRICT_PROTOTYPES = YES;
				CLANG_WARN_SUSPICIOUS_MOVE = YES;
				CLANG_WARN_UNGUARDED_AVAILABILITY = YES_AGGRESSIVE;
				CLANG_WARN_UNREACHABLE_CODE = YES;
				CLANG_WARN__DUPLICATE_METHOD_MATCH = YES;
				COPY_PHASE_STRIP = NO;
				DEBUG_INFORMATION_FORMAT = dwarf;
				ENABLE_STRICT_OBJC_MSGSEND = YES;
				ENABLE_TESTABILITY = YES;
				ENABLE_USER_SCRIPT_SANDBOXING = YES;
				GCC_C_LANGUAGE_STANDARD = gnu17;
				GCC_DYNAMIC_NO_PIC = NO;
				GCC_NO_COMMON_BLOCKS = YES;
				GCC_OPTIMIZATION_LEVEL = 0;
				GCC_PREPROCESSOR_DEFINITIONS = (
					"DEBUG=1",
					"$(inherited)",
				);
				GCC_WARN_64_TO_32_BIT_CONVERSION = YES;
				GCC_WARN_ABOUT_RETURN_TYPE = YES_ERROR;
				GCC_WARN_UNDECLARED_SELECTOR = YES;
				GCC_WARN_UNINITIALIZED_AUTOS = YES_AGGRESSIVE;
				GCC_WARN_UNUSED_FUNCTION = YES;
				GCC_WARN_UNUSED_VARIABLE = YES;
				IPHONEOS_DEPLOYMENT_TARGET = 17.0;
				LOCALIZATION_PREFERS_STRING_CATALOGS = YES;
				MTL_ENABLE_DEBUG_INFO = INCLUDE_SOURCE;
				MTL_FAST_MATH = YES;
				ONLY_ACTIVE_ARCH = YES;
				SDKROOT = iphoneos;
				SWIFT_ACTIVE_COMPILATION_CONDITIONS = "DEBUG $(inherited)";
				SWIFT_OPTIMIZATION_LEVEL = "-Onone";
			};
			name = Debug;
		};
		FBB8949E2A44618F003DD593 /* Release */ = {
			isa = XCBuildConfiguration;
			buildSettings = {
				ALWAYS_SEARCH_USER_PATHS = NO;
				ASSETCATALOG_COMPILER_GENERATE_SWIFT_ASSET_SYMBOL_EXTENSIONS = YES;
				CLANG_ANALYZER_NONNULL = YES;
				CLANG_ANALYZER_NUMBER_OBJECT_CONVERSION = YES_AGGRESSIVE;
				CLANG_CXX_LANGUAGE_STANDARD = "gnu++20";
				CLANG_ENABLE_MODULES = YES;
				CLANG_ENABLE_OBJC_ARC = YES;
				CLANG_ENABLE_OBJC_WEAK = YES;
				CLANG_WARN_BLOCK_CAPTURE_AUTORELEASING = YES;
				CLANG_WARN_BOOL_CONVERSION = YES;
				CLANG_WARN_COMMA = YES;
				CLANG_WARN_CONSTANT_CONVERSION = YES;
				CLANG_WARN_DEPRECATED_OBJC_IMPLEMENTATIONS = YES;
				CLANG_WARN_DIRECT_OBJC_ISA_USAGE = YES_ERROR;
				CLANG_WARN_DOCUMENTATION_COMMENTS = YES;
				CLANG_WARN_EMPTY_BODY = YES;
				CLANG_WARN_ENUM_CONVERSION = YES;
				CLANG_WARN_INFINITE_RECURSION = YES;
				CLANG_WARN_INT_CONVERSION = YES;
				CLANG_WARN_NON_LITERAL_NULL_CONVERSION = YES;
				CLANG_WARN_OBJC_IMPLICIT_RETAIN_SELF = YES;
				CLANG_WARN_OBJC_LITERAL_CONVERSION = YES;
				CLANG_WARN_OBJC_ROOT_CLASS = YES_ERROR;
				CLANG_WARN_QUOTED_INCLUDE_IN_FRAMEWORK_HEADER = YES;
				CLANG_WARN_RANGE_LOOP_ANALYSIS = YES;
				CLANG_WARN_STRICT_PROTOTYPES = YES;
				CLANG_WARN_SUSPICIOUS_MOVE = YES;
				CLANG_WARN_UNGUARDED_AVAILABILITY = YES_AGGRESSIVE;
				CLANG_WARN_UNREACHABLE_CODE = YES;
				CLANG_WARN__DUPLICATE_METHOD_MATCH = YES;
				COPY_PHASE_STRIP = NO;
				DEBUG_INFORMATION_FORMAT = "dwarf-with-dsym";
				ENABLE_NS_ASSERTIONS = NO;
				ENABLE_STRICT_OBJC_MSGSEND = YES;
				ENABLE_USER_SCRIPT_SANDBOXING = YES;
				GCC_C_LANGUAGE_STANDARD = gnu17;
				GCC_NO_COMMON_BLOCKS = YES;
				GCC_WARN_64_TO_32_BIT_CONVERSION = YES;
				GCC_WARN_ABOUT_RETURN_TYPE = YES_ERROR;
				GCC_WARN_UNDECLARED_SELECTOR = YES;
				GCC_WARN_UNINITIALIZED_AUTOS = YES_AGGRESSIVE;
				GCC_WARN_UNUSED_FUNCTION = YES;
				GCC_WARN_UNUSED_VARIABLE = YES;
				IPHONEOS_DEPLOYMENT_TARGET = 17.0;
				LOCALIZATION_PREFERS_STRING_CATALOGS = YES;
				MTL_ENABLE_DEBUG_INFO = NO;
				MTL_FAST_MATH = YES;
				SDKROOT = iphoneos;
				SWIFT_COMPILATION_MODE = wholemodule;
				VALIDATE_PRODUCT = YES;
			};
			name = Release;
		};
		FBB894A02A44618F003DD593 /* Debug */ = {
			isa = XCBuildConfiguration;
			buildSettings = {
				ASSETCATALOG_COMPILER_APPICON_NAME = AppIcon;
				ASSETCATALOG_COMPILER_GLOBAL_ACCENT_COLOR_NAME = AccentColor;
				CODE_SIGN_STYLE = Automatic;
				CURRENT_PROJECT_VERSION = 1;
				DEVELOPMENT_ASSET_PATHS = "\"LifeKPIs SwiftData Data Model/Preview Content\"";
				DEVELOPMENT_TEAM = L4KHYH88R8;
				ENABLE_PREVIEWS = YES;
				GENERATE_INFOPLIST_FILE = YES;
				INFOPLIST_KEY_UIApplicationSceneManifest_Generation = YES;
				INFOPLIST_KEY_UIApplicationSupportsIndirectInputEvents = YES;
				INFOPLIST_KEY_UILaunchScreen_Generation = YES;
				INFOPLIST_KEY_UISupportedInterfaceOrientations_iPad = "UIInterfaceOrientationPortrait UIInterfaceOrientationPortraitUpsideDown UIInterfaceOrientationLandscapeLeft UIInterfaceOrientationLandscapeRight";
				INFOPLIST_KEY_UISupportedInterfaceOrientations_iPhone = "UIInterfaceOrientationPortrait UIInterfaceOrientationLandscapeLeft UIInterfaceOrientationLandscapeRight";
				LD_RUNPATH_SEARCH_PATHS = (
					"$(inherited)",
					"@executable_path/Frameworks",
				);
				MARKETING_VERSION = 1.0;
				PRODUCT_BUNDLE_IDENTIFIER = "com.theflyingwhaleco.LifeKPIs-SwiftData-Data-Model";
				PRODUCT_NAME = "$(TARGET_NAME)";
				SWIFT_EMIT_LOC_STRINGS = YES;
				SWIFT_VERSION = 5.0;
				TARGETED_DEVICE_FAMILY = "1,2";
			};
			name = Debug;
		};
		FBB894A12A44618F003DD593 /* Release */ = {
			isa = XCBuildConfiguration;
			buildSettings = {
				ASSETCATALOG_COMPILER_APPICON_NAME = AppIcon;
				ASSETCATALOG_COMPILER_GLOBAL_ACCENT_COLOR_NAME = AccentColor;
				CODE_SIGN_STYLE = Automatic;
				CURRENT_PROJECT_VERSION = 1;
				DEVELOPMENT_ASSET_PATHS = "\"LifeKPIs SwiftData Data Model/Preview Content\"";
				DEVELOPMENT_TEAM = L4KHYH88R8;
				ENABLE_PREVIEWS = YES;
				GENERATE_INFOPLIST_FILE = YES;
				INFOPLIST_KEY_UIApplicationSceneManifest_Generation = YES;
				INFOPLIST_KEY_UIApplicationSupportsIndirectInputEvents = YES;
				INFOPLIST_KEY_UILaunchScreen_Generation = YES;
				INFOPLIST_KEY_UISupportedInterfaceOrientations_iPad = "UIInterfaceOrientationPortrait UIInterfaceOrientationPortraitUpsideDown UIInterfaceOrientationLandscapeLeft UIInterfaceOrientationLandscapeRight";
				INFOPLIST_KEY_UISupportedInterfaceOrientations_iPhone = "UIInterfaceOrientationPortrait UIInterfaceOrientationLandscapeLeft UIInterfaceOrientationLandscapeRight";
				LD_RUNPATH_SEARCH_PATHS = (
					"$(inherited)",
					"@executable_path/Frameworks",
				);
				MARKETING_VERSION = 1.0;
				PRODUCT_BUNDLE_IDENTIFIER = "com.theflyingwhaleco.LifeKPIs-SwiftData-Data-Model";
				PRODUCT_NAME = "$(TARGET_NAME)";
				SWIFT_EMIT_LOC_STRINGS = YES;
				SWIFT_VERSION = 5.0;
				TARGETED_DEVICE_FAMILY = "1,2";
			};
			name = Release;
		};
/* End XCBuildConfiguration section */

/* Begin XCConfigurationList section */
		FBB8948A2A44618E003DD593 /* Build configuration list for PBXProject "LifeKPIs SwiftData Data Model" */ = {
			isa = XCConfigurationList;
			buildConfigurations = (
				FBB8949D2A44618F003DD593 /* Debug */,
				FBB8949E2A44618F003DD593 /* Release */,
			);
			defaultConfigurationIsVisible = 0;
			defaultConfigurationName = Release;
		};
		FBB8949F2A44618F003DD593 /* Build configuration list for PBXNativeTarget "LifeKPIs SwiftData Data Model" */ = {
			isa = XCConfigurationList;
			buildConfigurations = (
				FBB894A02A44618F003DD593 /* Debug */,
				FBB894A12A44618F003DD593 /* Release */,
			);
			defaultConfigurationIsVisible = 0;
			defaultConfigurationName = Release;
		};
/* End XCConfigurationList section */
	};
	rootObject = FBB894872A44618E003DD593 /* Project object */;
}
